
Microsoft Visual Studio Solution File, Format Version 12.00
# Visual Studio Version 16
VisualStudioVersion = 16.0.30804.86
MinimumVisualStudioVersion = 10.0.40219.1
Project("{FAE04EC0-301F-11D3-BF4B-00C04F79EFBC}") = "MemeSounds.Android", "MemeSounds\MemeSounds.Android\MemeSounds.Android.csproj", "{7E414518-CB45-476C-887C-2281B1ED578D}"
EndProject
Project("{FAE04EC0-301F-11D3-BF4B-00C04F79EFBC}") = "MemeSounds", "MemeSounds\MemeSounds\MemeSounds.csproj", "{E452E299-56EE-4FE2-A921-7A42908206AB}"
EndProject
Global
	GlobalSection(SolutionConfigurationPlatforms) = preSolution
		Debug|Any CPU = Debug|Any CPU
		Release|Any CPU = Release|Any CPU
	EndGlobalSection
	GlobalSection(ProjectConfigurationPlatforms) = postSolution
		{7E414518-CB45-476C-887C-2281B1ED578D}.Debug|Any CPU.ActiveCfg = Debug|Any CPU
		{7E414518-CB45-476C-887C-2281B1ED578D}.Debug|Any CPU.Build.0 = Debug|Any CPU
		{7E414518-CB45-476C-887C-2281B1ED578D}.Debug|Any CPU.Deploy.0 = Debug|Any CPU
		{7E414518-CB45-476C-887C-2281B1ED578D}.Release|Any CPU.ActiveCfg = Release|Any CPU
		{7E414518-CB45-476C-887C-2281B1ED578D}.Release|Any CPU.Build.0 = Release|Any CPU
		{7E414518-CB45-476C-887C-2281B1ED578D}.Release|Any CPU.Deploy.0 = Release|Any CPU
		{E452E299-56EE-4FE2-A921-7A42908206AB}.Debug|Any CPU.ActiveCfg = Debug|Any CPU
		{E452E299-56EE-4FE2-A921-7A42908206AB}.Debug|Any CPU.Build.0 = Debug|Any CPU
		{E452E299-56EE-4FE2-A921-7A42908206AB}.Debug|Any CPU.Deploy.0 = Debug|Any CPU
		{E452E299-56EE-4FE2-A921-7A42908206AB}.Release|Any CPU.ActiveCfg = Release|Any CPU
		{E452E299-56EE-4FE2-A921-7A42908206AB}.Release|Any CPU.Build.0 = Release|Any CPU
		{E452E299-56EE-4FE2-A921-7A42908206AB}.Release|Any CPU.Deploy.0 = Release|Any CPU
	EndGlobalSection
	GlobalSection(SolutionProperties) = preSolution
		HideSolutionNode = FALSE
	EndGlobalSection
	GlobalSection(ExtensibilityGlobals) = postSolution
		SolutionGuid = {078F332C-069A-44D3-9026-558F5CE133FD}
	EndGlobalSection
EndGlobal
